// !$*UTF8*$!
{
	archiveVersion = 1;
	classes = {
	};
	objectVersion = 56;
	objects = {

/* Begin PBXBuildFile section */
		DE7BA5F02B3D749300FB78DD /* Singleton.swift in Sources */ = {isa = PBXBuildFile; fileRef = DE7BA5EF2B3D749300FB78DD /* Singleton.swift */; };
		DE7BA5F22B3DA95100FB78DD /* listMusic.swift in Sources */ = {isa = PBXBuildFile; fileRef = DE7BA5F12B3DA95100FB78DD /* listMusic.swift */; };
		DEC04CFE2AE88C9600B4DE76 /* Music_PlayerApp.swift in Sources */ = {isa = PBXBuildFile; fileRef = DEC04CFD2AE88C9600B4DE76 /* Music_PlayerApp.swift */; };
		DEC04D002AE88C9600B4DE76 /* ContentView.swift in Sources */ = {isa = PBXBuildFile; fileRef = DEC04CFF2AE88C9600B4DE76 /* ContentView.swift */; };
		DEC04D022AE88C9A00B4DE76 /* Assets.xcassets in Resources */ = {isa = PBXBuildFile; fileRef = DEC04D012AE88C9A00B4DE76 /* Assets.xcassets */; };
		DEC04D052AE88C9A00B4DE76 /* Preview Assets.xcassets in Resources */ = {isa = PBXBuildFile; fileRef = DEC04D042AE88C9A00B4DE76 /* Preview Assets.xcassets */; };
		DEE5AC4F2AE8A1280082069C /* Music.swift in Sources */ = {isa = PBXBuildFile; fileRef = DEE5AC4E2AE8A1280082069C /* Music.swift */; };
		DEE5AC512AE8A1A50082069C /* Artist.swift in Sources */ = {isa = PBXBuildFile; fileRef = DEE5AC502AE8A1A50082069C /* Artist.swift */; };
		DEE5AC532AE8A1B30082069C /* Album.swift in Sources */ = {isa = PBXBuildFile; fileRef = DEE5AC522AE8A1B30082069C /* Album.swift */; };
		DEE5AC552AE8ABE50082069C /* PlayList.swift in Sources */ = {isa = PBXBuildFile; fileRef = DEE5AC542AE8ABE50082069C /* PlayList.swift */; };
/* End PBXBuildFile section */

/* Begin PBXFileReference section */
		DE7BA5EF2B3D749300FB78DD /* Singleton.swift */ = {isa = PBXFileReference; lastKnownFileType = sourcecode.swift; path = Singleton.swift; sourceTree = "<group>"; };
		DE7BA5F12B3DA95100FB78DD /* listMusic.swift */ = {isa = PBXFileReference; lastKnownFileType = sourcecode.swift; path = listMusic.swift; sourceTree = "<group>"; };
		DEC04CFA2AE88C9600B4DE76 /* Music_Player.app */ = {isa = PBXFileReference; explicitFileType = wrapper.application; includeInIndex = 0; path = Music_Player.app; sourceTree = BUILT_PRODUCTS_DIR; };
		DEC04CFD2AE88C9600B4DE76 /* Music_PlayerApp.swift */ = {isa = PBXFileReference; lastKnownFileType = sourcecode.swift; path = Music_PlayerApp.swift; sourceTree = "<group>"; };
		DEC04CFF2AE88C9600B4DE76 /* ContentView.swift */ = {isa = PBXFileReference; lastKnownFileType = sourcecode.swift; path = ContentView.swift; sourceTree = "<group>"; };
		DEC04D012AE88C9A00B4DE76 /* Assets.xcassets */ = {isa = PBXFileReference; lastKnownFileType = folder.assetcatalog; path = Assets.xcassets; sourceTree = "<group>"; };
		DEC04D042AE88C9A00B4DE76 /* Preview Assets.xcassets */ = {isa = PBXFileReference; lastKnownFileType = folder.assetcatalog; path = "Preview Assets.xcassets"; sourceTree = "<group>"; };
		DEE5AC4E2AE8A1280082069C /* Music.swift */ = {isa = PBXFileReference; lastKnownFileType = sourcecode.swift; path = Music.swift; sourceTree = "<group>"; };
		DEE5AC502AE8A1A50082069C /* Artist.swift */ = {isa = PBXFileReference; lastKnownFileType = sourcecode.swift; path = Artist.swift; sourceTree = "<group>"; };
		DEE5AC522AE8A1B30082069C /* Album.swift */ = {isa = PBXFileReference; lastKnownFileType = sourcecode.swift; path = Album.swift; sourceTree = "<group>"; };
		DEE5AC542AE8ABE50082069C /* PlayList.swift */ = {isa = PBXFileReference; lastKnownFileType = sourcecode.swift; path = PlayList.swift; sourceTree = "<group>"; };
/* End PBXFileReference section */

/* Begin PBXFrameworksBuildPhase section */
		DEC04CF72AE88C9600B4DE76 /* Frameworks */ = {
			isa = PBXFrameworksBuildPhase;
			buildActionMask = 2147483647;
			files = (
			);
			runOnlyForDeploymentPostprocessing = 0;
		};
/* End PBXFrameworksBuildPhase section */

/* Begin PBXGroup section */
		DEC04CF12AE88C9600B4DE76 = {
			isa = PBXGroup;
			children = (
				DEC04CFC2AE88C9600B4DE76 /* Music_Player */,
				DEC04CFB2AE88C9600B4DE76 /* Products */,
			);
			sourceTree = "<group>";
		};
		DEC04CFB2AE88C9600B4DE76 /* Products */ = {
			isa = PBXGroup;
			children = (
				DEC04CFA2AE88C9600B4DE76 /* Music_Player.app */,
			);
			name = Products;
			sourceTree = "<group>";
		};
		DEC04CFC2AE88C9600B4DE76 /* Music_Player */ = {
			isa = PBXGroup;
			children = (
				DEC04CFD2AE88C9600B4DE76 /* Music_PlayerApp.swift */,
				DEC04CFF2AE88C9600B4DE76 /* ContentView.swift */,
				DEE5AC4E2AE8A1280082069C /* Music.swift */,
				DEE5AC502AE8A1A50082069C /* Artist.swift */,
				DEE5AC522AE8A1B30082069C /* Album.swift */,
				DEE5AC542AE8ABE50082069C /* PlayList.swift */,
				DE7BA5F12B3DA95100FB78DD /* listMusic.swift */,
				DE7BA5EF2B3D749300FB78DD /* Singleton.swift */,
				DEC04D012AE88C9A00B4DE76 /* Assets.xcassets */,
				DEC04D032AE88C9A00B4DE76 /* Preview Content */,
			);
			path = Music_Player;
			sourceTree = "<group>";
		};
		DEC04D032AE88C9A00B4DE76 /* Preview Content */ = {
			isa = PBXGroup;
			children = (
				DEC04D042AE88C9A00B4DE76 /* Preview Assets.xcassets */,
			);
			path = "Preview Content";
			sourceTree = "<group>";
		};
/* End PBXGroup section */

/* Begin PBXNativeTarget section */
		DEC04CF92AE88C9600B4DE76 /* Music_Player */ = {
			isa = PBXNativeTarget;
			buildConfigurationList = DEC04D082AE88C9A00B4DE76 /* Build configuration list for PBXNativeTarget "Music_Player" */;
			buildPhases = (
				DEC04CF62AE88C9600B4DE76 /* Sources */,
				DEC04CF72AE88C9600B4DE76 /* Frameworks */,
				DEC04CF82AE88C9600B4DE76 /* Resources */,
			);
			buildRules = (
			);
			dependencies = (
			);
			name = Music_Player;
			productName = Music_Player;
			productReference = DEC04CFA2AE88C9600B4DE76 /* Music_Player.app */;
			productType = "com.apple.product-type.application";
		};
/* End PBXNativeTarget section */

/* Begin PBXProject section */
		DEC04CF22AE88C9600B4DE76 /* Project object */ = {
			isa = PBXProject;
			attributes = {
				BuildIndependentTargetsInParallel = 1;
				LastSwiftUpdateCheck = 1500;
				LastUpgradeCheck = 1500;
				TargetAttributes = {
					DEC04CF92AE88C9600B4DE76 = {
						CreatedOnToolsVersion = 15.0;
					};
				};
			};
			buildConfigurationList = DEC04CF52AE88C9600B4DE76 /* Build configuration list for PBXProject "Music_Player" */;
			compatibilityVersion = "Xcode 14.0";
			developmentRegion = en;
			hasScannedForEncodings = 0;
			knownRegions = (
				en,
				Base,
			);
			mainGroup = DEC04CF12AE88C9600B4DE76;
			productRefGroup = DEC04CFB2AE88C9600B4DE76 /* Products */;
			projectDirPath = "";
			projectRoot = "";
			targets = (
				DEC04CF92AE88C9600B4DE76 /* Music_Player */,
			);
		};
/* End PBXProject section */

/* Begin PBXResourcesBuildPhase section */
		DEC04CF82AE88C9600B4DE76 /* Resources */ = {
			isa = PBXResourcesBuildPhase;
			buildActionMask = 2147483647;
			files = (
				DEC04D052AE88C9A00B4DE76 /* Preview Assets.xcassets in Resources */,
				DEC04D022AE88C9A00B4DE76 /* Assets.xcassets in Resources */,
			);
			runOnlyForDeploymentPostprocessing = 0;
		};
/* End PBXResourcesBuildPhase section */

/* Begin PBXSourcesBuildPhase section */
		DEC04CF62AE88C9600B4DE76 /* Sources */ = {
			isa = PBXSourcesBuildPhase;
			buildActionMask = 2147483647;
			files = (
				DEC04D002AE88C9600B4DE76 /* ContentView.swift in Sources */,
				DE7BA5F02B3D749300FB78DD /* Singleton.swift in Sources */,
				DEC04CFE2AE88C9600B4DE76 /* Music_PlayerApp.swift in Sources */,
				DEE5AC512AE8A1A50082069C /* Artist.swift in Sources */,
				DEE5AC552AE8ABE50082069C /* PlayList.swift in Sources */,
				DEE5AC4F2AE8A1280082069C /* Music.swift in Sources */,
				DEE5AC532AE8A1B30082069C /* Album.swift in Sources */,
				DE7BA5F22B3DA95100FB78DD /* listMusic.swift in Sources */,
			);
			runOnlyForDeploymentPostprocessing = 0;
		};
/* End PBXSourcesBuildPhase section */

/* Begin XCBuildConfiguration section */
		DEC04D062AE88C9A00B4DE76 /* Debug */ = {
			isa = XCBuildConfiguration;
			buildSettings = {
				ALWAYS_SEARCH_USER_PATHS = NO;
				ASSETCATALOG_COMPILER_GENERATE_SWIFT_ASSET_SYMBOL_EXTENSIONS = YES;
				CLANG_ANALYZER_NONNULL = YES;
				CLANG_ANALYZER_NUMBER_OBJECT_CONVERSION = YES_AGGRESSIVE;
				CLANG_CXX_LANGUAGE_STANDARD = "gnu++20";
				CLANG_ENABLE_MODULES = YES;
				CLANG_ENABLE_OBJC_ARC = YES;
				CLANG_ENABLE_OBJC_WEAK = YES;
				CLANG_WARN_BLOCK_CAPTURE_AUTORELEASING = YES;
				CLANG_WARN_BOOL_CONVERSION = YES;
				CLANG_WARN_COMMA = YES;
				CLANG_WARN_CONSTANT_CONVERSION = YES;
				CLANG_WARN_DEPRECATED_OBJC_IMPLEMENTATIONS = YES;
				CLANG_WARN_DIRECT_OBJC_ISA_USAGE = YES_ERROR;
				CLANG_WARN_DOCUMENTATION_COMMENTS = YES;
				CLANG_WARN_EMPTY_BODY = YES;
				CLANG_WARN_ENUM_CONVERSION = YES;
				CLANG_WARN_INFINITE_RECURSION = YES;
				CLANG_WARN_INT_CONVERSION = YES;
				CLANG_WARN_NON_LITERAL_NULL_CONVERSION = YES;
				CLANG_WARN_OBJC_IMPLICIT_RETAIN_SELF = YES;
				CLANG_WARN_OBJC_LITERAL_CONVERSION = YES;
				CLANG_WARN_OBJC_ROOT_CLASS = YES_ERROR;
				CLANG_WARN_QUOTED_INCLUDE_IN_FRAMEWORK_HEADER = YES;
				CLANG_WARN_RANGE_LOOP_ANALYSIS = YES;
				CLANG_WARN_STRICT_PROTOTYPES = YES;
				CLANG_WARN_SUSPICIOUS_MOVE = YES;
				CLANG_WARN_UNGUARDED_AVAILABILITY = YES_AGGRESSIVE;
				CLANG_WARN_UNREACHABLE_CODE = YES;
				CLANG_WARN__DUPLICATE_METHOD_MATCH = YES;
				COPY_PHASE_STRIP = NO;
				DEBUG_INFORMATION_FORMAT = dwarf;
				ENABLE_STRICT_OBJC_MSGSEND = YES;
				ENABLE_TESTABILITY = YES;
				ENABLE_USER_SCRIPT_SANDBOXING = YES;
				GCC_C_LANGUAGE_STANDARD = gnu17;
				GCC_DYNAMIC_NO_PIC = NO;
				GCC_NO_COMMON_BLOCKS = YES;
				GCC_OPTIMIZATION_LEVEL = 0;
				GCC_PREPROCESSOR_DEFINITIONS = (
					"DEBUG=1",
					"$(inherited)",
				);
				GCC_WARN_64_TO_32_BIT_CONVERSION = YES;
				GCC_WARN_ABOUT_RETURN_TYPE = YES_ERROR;
				GCC_WARN_UNDECLARED_SELECTOR = YES;
				GCC_WARN_UNINITIALIZED_AUTOS = YES_AGGRESSIVE;
				GCC_WARN_UNUSED_FUNCTION = YES;
				GCC_WARN_UNUSED_VARIABLE = YES;
				IPHONEOS_DEPLOYMENT_TARGET = 17.0;
				LOCALIZATION_PREFERS_STRING_CATALOGS = YES;
				MTL_ENABLE_DEBUG_INFO = INCLUDE_SOURCE;
				MTL_FAST_MATH = YES;
				ONLY_ACTIVE_ARCH = YES;
				SDKROOT = iphoneos;
				SWIFT_ACTIVE_COMPILATION_CONDITIONS = "DEBUG $(inherited)";
				SWIFT_OPTIMIZATION_LEVEL = "-Onone";
			};
			name = Debug;
		};
		DEC04D072AE88C9A00B4DE76 /* Release */ = {
			isa = XCBuildConfiguration;
			buildSettings = {
				ALWAYS_SEARCH_USER_PATHS = NO;
				ASSETCATALOG_COMPILER_GENERATE_SWIFT_ASSET_SYMBOL_EXTENSIONS = YES;
				CLANG_ANALYZER_NONNULL = YES;
				CLANG_ANALYZER_NUMBER_OBJECT_CONVERSION = YES_AGGRESSIVE;
				CLANG_CXX_LANGUAGE_STANDARD = "gnu++20";
				CLANG_ENABLE_MODULES = YES;
				CLANG_ENABLE_OBJC_ARC = YES;
				CLANG_ENABLE_OBJC_WEAK = YES;
				CLANG_WARN_BLOCK_CAPTURE_AUTORELEASING = YES;
				CLANG_WARN_BOOL_CONVERSION = YES;
				CLANG_WARN_COMMA = YES;
				CLANG_WARN_CONSTANT_CONVERSION = YES;
				CLANG_WARN_DEPRECATED_OBJC_IMPLEMENTATIONS = YES;
				CLANG_WARN_DIRECT_OBJC_ISA_USAGE = YES_ERROR;
				CLANG_WARN_DOCUMENTATION_COMMENTS = YES;
				CLANG_WARN_EMPTY_BODY = YES;
				CLANG_WARN_ENUM_CONVERSION = YES;
				CLANG_WARN_INFINITE_RECURSION = YES;
				CLANG_WARN_INT_CONVERSION = YES;
				CLANG_WARN_NON_LITERAL_NULL_CONVERSION = YES;
				CLANG_WARN_OBJC_IMPLICIT_RETAIN_SELF = YES;
				CLANG_WARN_OBJC_LITERAL_CONVERSION = YES;
				CLANG_WARN_OBJC_ROOT_CLASS = YES_ERROR;
				CLANG_WARN_QUOTED_INCLUDE_IN_FRAMEWORK_HEADER = YES;
				CLANG_WARN_RANGE_LOOP_ANALYSIS = YES;
				CLANG_WARN_STRICT_PROTOTYPES = YES;
				CLANG_WARN_SUSPICIOUS_MOVE = YES;
				CLANG_WARN_UNGUARDED_AVAILABILITY = YES_AGGRESSIVE;
				CLANG_WARN_UNREACHABLE_CODE = YES;
				CLANG_WARN__DUPLICATE_METHOD_MATCH = YES;
				COPY_PHASE_STRIP = NO;
				DEBUG_INFORMATION_FORMAT = "dwarf-with-dsym";
				ENABLE_NS_ASSERTIONS = NO;
				ENABLE_STRICT_OBJC_MSGSEND = YES;
				ENABLE_USER_SCRIPT_SANDBOXING = YES;
				GCC_C_LANGUAGE_STANDARD = gnu17;
				GCC_NO_COMMON_BLOCKS = YES;
				GCC_WARN_64_TO_32_BIT_CONVERSION = YES;
				GCC_WARN_ABOUT_RETURN_TYPE = YES_ERROR;
				GCC_WARN_UNDECLARED_SELECTOR = YES;
				GCC_WARN_UNINITIALIZED_AUTOS = YES_AGGRESSIVE;
				GCC_WARN_UNUSED_FUNCTION = YES;
				GCC_WARN_UNUSED_VARIABLE = YES;
				IPHONEOS_DEPLOYMENT_TARGET = 17.0;
				LOCALIZATION_PREFERS_STRING_CATALOGS = YES;
				MTL_ENABLE_DEBUG_INFO = NO;
				MTL_FAST_MATH = YES;
				SDKROOT = iphoneos;
				SWIFT_COMPILATION_MODE = wholemodule;
				VALIDATE_PRODUCT = YES;
			};
			name = Release;
		};
		DEC04D092AE88C9A00B4DE76 /* Debug */ = {
			isa = XCBuildConfiguration;
			buildSettings = {
				ASSETCATALOG_COMPILER_APPICON_NAME = AppIcon;
				ASSETCATALOG_COMPILER_GLOBAL_ACCENT_COLOR_NAME = AccentColor;
				CODE_SIGN_STYLE = Automatic;
				CURRENT_PROJECT_VERSION = 1;
				DEVELOPMENT_ASSET_PATHS = "\"Music_Player/Preview Content\"";
				DEVELOPMENT_TEAM = 85MXHZWC2N;
				ENABLE_PREVIEWS = YES;
				GENERATE_INFOPLIST_FILE = YES;
				INFOPLIST_KEY_UIApplicationSceneManifest_Generation = YES;
				INFOPLIST_KEY_UIApplicationSupportsIndirectInputEvents = YES;
				INFOPLIST_KEY_UILaunchScreen_Generation = YES;
				INFOPLIST_KEY_UISupportedInterfaceOrientations_iPad = "UIInterfaceOrientationPortrait UIInterfaceOrientationPortraitUpsideDown UIInterfaceOrientationLandscapeLeft UIInterfaceOrientationLandscapeRight";
				INFOPLIST_KEY_UISupportedInterfaceOrientations_iPhone = "UIInterfaceOrientationPortrait UIInterfaceOrientationLandscapeLeft UIInterfaceOrientationLandscapeRight";
				LD_RUNPATH_SEARCH_PATHS = (
					"$(inherited)",
					"@executable_path/Frameworks",
				);
				MARKETING_VERSION = 1.0;
				PRODUCT_BUNDLE_IDENTIFIER = "com.litech.Music-Player";
				PRODUCT_NAME = "$(TARGET_NAME)";
				SWIFT_EMIT_LOC_STRINGS = YES;
				SWIFT_VERSION = 5.0;
				TARGETED_DEVICE_FAMILY = "1,2";
			};
			name = Debug;
		};
		DEC04D0A2AE88C9A00B4DE76 /* Release */ = {
			isa = XCBuildConfiguration;
			buildSettings = {
				ASSETCATALOG_COMPILER_APPICON_NAME = AppIcon;
				ASSETCATALOG_COMPILER_GLOBAL_ACCENT_COLOR_NAME = AccentColor;
				CODE_SIGN_STYLE = Automatic;
				CURRENT_PROJECT_VERSION = 1;
				DEVELOPMENT_ASSET_PATHS = "\"Music_Player/Preview Content\"";
				DEVELOPMENT_TEAM = 85MXHZWC2N;
				ENABLE_PREVIEWS = YES;
				GENERATE_INFOPLIST_FILE = YES;
				INFOPLIST_KEY_UIApplicationSceneManifest_Generation = YES;
				INFOPLIST_KEY_UIApplicationSupportsIndirectInputEvents = YES;
				INFOPLIST_KEY_UILaunchScreen_Generation = YES;
				INFOPLIST_KEY_UISupportedInterfaceOrientations_iPad = "UIInterfaceOrientationPortrait UIInterfaceOrientationPortraitUpsideDown UIInterfaceOrientationLandscapeLeft UIInterfaceOrientationLandscapeRight";
				INFOPLIST_KEY_UISupportedInterfaceOrientations_iPhone = "UIInterfaceOrientationPortrait UIInterfaceOrientationLandscapeLeft UIInterfaceOrientationLandscapeRight";
				LD_RUNPATH_SEARCH_PATHS = (
					"$(inherited)",
					"@executable_path/Frameworks",
				);
				MARKETING_VERSION = 1.0;
				PRODUCT_BUNDLE_IDENTIFIER = "com.litech.Music-Player";
				PRODUCT_NAME = "$(TARGET_NAME)";
				SWIFT_EMIT_LOC_STRINGS = YES;
				SWIFT_VERSION = 5.0;
				TARGETED_DEVICE_FAMILY = "1,2";
			};
			name = Release;
		};
/* End XCBuildConfiguration section */

/* Begin XCConfigurationList section */
		DEC04CF52AE88C9600B4DE76 /* Build configuration list for PBXProject "Music_Player" */ = {
			isa = XCConfigurationList;
			buildConfigurations = (
				DEC04D062AE88C9A00B4DE76 /* Debug */,
				DEC04D072AE88C9A00B4DE76 /* Release */,
			);
			defaultConfigurationIsVisible = 0;
			defaultConfigurationName = Release;
		};
		DEC04D082AE88C9A00B4DE76 /* Build configuration list for PBXNativeTarget "Music_Player" */ = {
			isa = XCConfigurationList;
			buildConfigurations = (
				DEC04D092AE88C9A00B4DE76 /* Debug */,
				DEC04D0A2AE88C9A00B4DE76 /* Release */,
			);
			defaultConfigurationIsVisible = 0;
			defaultConfigurationName = Release;
		};
/* End XCConfigurationList section */
	};
	rootObject = DEC04CF22AE88C9600B4DE76 /* Project object */;
}
