// !$*UTF8*$!
{
	archiveVersion = 1;
	classes = {
	};
	objectVersion = 56;
	objects = {

/* Begin PBXBuildFile section */
		DE49827B2B70D3E60005A407 /* FileService.swift in Sources */ = {isa = PBXBuildFile; fileRef = DE49827A2B70D3E60005A407 /* FileService.swift */; };
		DE62458C2B849BEB003E856D /* MusicInfoView.swift in Sources */ = {isa = PBXBuildFile; fileRef = DE62458B2B849BEB003E856D /* MusicInfoView.swift */; };
		DE6A17672BA1EECE004BC71D /* FavoriteMusicData.swift in Sources */ = {isa = PBXBuildFile; fileRef = DE6A17662BA1EECE004BC71D /* FavoriteMusicData.swift */; };
		DE6A176A2BA47B6C004BC71D /* Artist.swift in Sources */ = {isa = PBXBuildFile; fileRef = DE6A17692BA47B6C004BC71D /* Artist.swift */; };
		DE6A176C2BA47B7A004BC71D /* Album.swift in Sources */ = {isa = PBXBuildFile; fileRef = DE6A176B2BA47B7A004BC71D /* Album.swift */; };
		DE6A176E2BA47B93004BC71D /* Playlist.swift in Sources */ = {isa = PBXBuildFile; fileRef = DE6A176D2BA47B93004BC71D /* Playlist.swift */; };
		DE6A17702BA47BA7004BC71D /* Folder.swift in Sources */ = {isa = PBXBuildFile; fileRef = DE6A176F2BA47BA7004BC71D /* Folder.swift */; };
		DE6A17732BA529B0004BC71D /* FavoriteMusicView.swift in Sources */ = {isa = PBXBuildFile; fileRef = DE6A17722BA529B0004BC71D /* FavoriteMusicView.swift */; };
		DE6A17762BA53ACE004BC71D /* WillPlayMusicView.swift in Sources */ = {isa = PBXBuildFile; fileRef = DE6A17752BA53ACE004BC71D /* WillPlayMusicView.swift */; };
		DE6A17782BA53EBA004BC71D /* DidPlayMusicData.swift in Sources */ = {isa = PBXBuildFile; fileRef = DE6A17772BA53EBA004BC71D /* DidPlayMusicData.swift */; };
		DE6A177A2BA5B48F004BC71D /* AddPlaylistView.swift in Sources */ = {isa = PBXBuildFile; fileRef = DE6A17792BA5B48F004BC71D /* AddPlaylistView.swift */; };
		DE6A177C2BA5D8EF004BC71D /* DidPlayMusicView.swift in Sources */ = {isa = PBXBuildFile; fileRef = DE6A177B2BA5D8EF004BC71D /* DidPlayMusicView.swift */; };
		DE7BA5F22B3DA95100FB78DD /* ListMusicView.swift in Sources */ = {isa = PBXBuildFile; fileRef = DE7BA5F12B3DA95100FB78DD /* ListMusicView.swift */; };
		DE9DB2B42B8A32F1007CE8FB /* ArtistMusicView.swift in Sources */ = {isa = PBXBuildFile; fileRef = DE9DB2B32B8A32F1007CE8FB /* ArtistMusicView.swift */; };
		DE9DB2B62B8A3622007CE8FB /* AlbumMusicView.swift in Sources */ = {isa = PBXBuildFile; fileRef = DE9DB2B52B8A3622007CE8FB /* AlbumMusicView.swift */; };
		DEAEEC0D2BA84E1F00DE892D /* DidPlayMusicDataService.swift in Sources */ = {isa = PBXBuildFile; fileRef = DEAEEC0C2BA84E1F00DE892D /* DidPlayMusicDataService.swift */; };
		DEBC74982B3E570A0012973B /* PlayingMusicView.swift in Sources */ = {isa = PBXBuildFile; fileRef = DEBC74972B3E570A0012973B /* PlayingMusicView.swift */; };
		DEBC749A2B3EA2920012973B /* PlayingView.swift in Sources */ = {isa = PBXBuildFile; fileRef = DEBC74992B3EA2920012973B /* PlayingView.swift */; };
		DEC04CFE2AE88C9600B4DE76 /* Music_PlayerApp.swift in Sources */ = {isa = PBXBuildFile; fileRef = DEC04CFD2AE88C9600B4DE76 /* Music_PlayerApp.swift */; };
		DEC04D002AE88C9600B4DE76 /* ContentView.swift in Sources */ = {isa = PBXBuildFile; fileRef = DEC04CFF2AE88C9600B4DE76 /* ContentView.swift */; };
		DEC04D022AE88C9A00B4DE76 /* Assets.xcassets in Resources */ = {isa = PBXBuildFile; fileRef = DEC04D012AE88C9A00B4DE76 /* Assets.xcassets */; };
		DEC04D052AE88C9A00B4DE76 /* Preview Assets.xcassets in Resources */ = {isa = PBXBuildFile; fileRef = DEC04D042AE88C9A00B4DE76 /* Preview Assets.xcassets */; };
		DEC4CFF82B984CA4009F5296 /* MusicCellView.swift in Sources */ = {isa = PBXBuildFile; fileRef = DEC4CFF72B984CA4009F5296 /* MusicCellView.swift */; };
		DEC4CFFB2B98A40A009F5296 /* FolderView.swift in Sources */ = {isa = PBXBuildFile; fileRef = DEC4CFFA2B98A40A009F5296 /* FolderView.swift */; };
		DEC4CFFD2B98A785009F5296 /* FolderMusicView.swift in Sources */ = {isa = PBXBuildFile; fileRef = DEC4CFFC2B98A785009F5296 /* FolderMusicView.swift */; };
		DEC8CCC42BAA838600FA9D98 /* WillPlayMusicDataService.swift in Sources */ = {isa = PBXBuildFile; fileRef = DEC8CCC32BAA838600FA9D98 /* WillPlayMusicDataService.swift */; };
		DEC8CCC62BAAECF900FA9D98 /* WillPlayMusicData.swift in Sources */ = {isa = PBXBuildFile; fileRef = DEC8CCC52BAAECF900FA9D98 /* WillPlayMusicData.swift */; };
		DEC8CCC82BAD4CBB00FA9D98 /* Persistance.swift in Sources */ = {isa = PBXBuildFile; fileRef = DEC8CCC72BAD4CBB00FA9D98 /* Persistance.swift */; };
		DEC8CCCA2BADC04800FA9D98 /* FavoriteMusicDataService.swift in Sources */ = {isa = PBXBuildFile; fileRef = DEC8CCC92BADC04800FA9D98 /* FavoriteMusicDataService.swift */; };
		DEC8CCCC2BADCC4A00FA9D98 /* PlaylistDataService.swift in Sources */ = {isa = PBXBuildFile; fileRef = DEC8CCCB2BADCC4A00FA9D98 /* PlaylistDataService.swift */; };
		DED9FD632B7243770008B127 /* MusicDataStoreViewModel.swift in Sources */ = {isa = PBXBuildFile; fileRef = DED9FD622B7243770008B127 /* MusicDataStoreViewModel.swift */; };
		DED9FD692B7730860008B127 /* PlaylistData.swift in Sources */ = {isa = PBXBuildFile; fileRef = DED9FD682B7730860008B127 /* PlaylistData.swift */; };
		DED9FD6F2B8012FD0008B127 /* Music.swift in Sources */ = {isa = PBXBuildFile; fileRef = DED9FD6E2B8012FD0008B127 /* Music.swift */; };
		DED9FD712B80A7E30008B127 /* MusicDataStore.swift in Sources */ = {isa = PBXBuildFile; fileRef = DED9FD702B80A7E30008B127 /* MusicDataStore.swift */; };
		DED9FD772B80DE860008B127 /* PlayController.swift in Sources */ = {isa = PBXBuildFile; fileRef = DED9FD762B80DE860008B127 /* PlayController.swift */; };
		DED9FD792B80DF7F0008B127 /* PlayControllerViewModel.swift in Sources */ = {isa = PBXBuildFile; fileRef = DED9FD782B80DF7F0008B127 /* PlayControllerViewModel.swift */; };
		DED9FD7D2B8229570008B127 /* PlaylistMusicView.swift in Sources */ = {isa = PBXBuildFile; fileRef = DED9FD7C2B8229570008B127 /* PlaylistMusicView.swift */; };
		DED9FD812B82360B0008B127 /* SelectMusicView.swift in Sources */ = {isa = PBXBuildFile; fileRef = DED9FD802B82360B0008B127 /* SelectMusicView.swift */; };
		DEE5AC4F2AE8A1280082069C /* MusicView.swift in Sources */ = {isa = PBXBuildFile; fileRef = DEE5AC4E2AE8A1280082069C /* MusicView.swift */; };
		DEE5AC512AE8A1A50082069C /* ArtistView.swift in Sources */ = {isa = PBXBuildFile; fileRef = DEE5AC502AE8A1A50082069C /* ArtistView.swift */; };
		DEE5AC532AE8A1B30082069C /* AlbumView.swift in Sources */ = {isa = PBXBuildFile; fileRef = DEE5AC522AE8A1B30082069C /* AlbumView.swift */; };
		DEE5AC552AE8ABE50082069C /* PlaylistView.swift in Sources */ = {isa = PBXBuildFile; fileRef = DEE5AC542AE8ABE50082069C /* PlaylistView.swift */; };
/* End PBXBuildFile section */

/* Begin PBXFileReference section */
		DE49825B2B6E5ED20005A407 /* Music-Player-Info.plist */ = {isa = PBXFileReference; lastKnownFileType = text.plist; path = "Music-Player-Info.plist"; sourceTree = SOURCE_ROOT; };
		DE49827A2B70D3E60005A407 /* FileService.swift */ = {isa = PBXFileReference; lastKnownFileType = sourcecode.swift; path = FileService.swift; sourceTree = "<group>"; };
		DE62458B2B849BEB003E856D /* MusicInfoView.swift */ = {isa = PBXFileReference; lastKnownFileType = sourcecode.swift; path = MusicInfoView.swift; sourceTree = "<group>"; };
		DE6A17662BA1EECE004BC71D /* FavoriteMusicData.swift */ = {isa = PBXFileReference; lastKnownFileType = sourcecode.swift; path = FavoriteMusicData.swift; sourceTree = "<group>"; };
		DE6A17692BA47B6C004BC71D /* Artist.swift */ = {isa = PBXFileReference; lastKnownFileType = sourcecode.swift; path = Artist.swift; sourceTree = "<group>"; };
		DE6A176B2BA47B7A004BC71D /* Album.swift */ = {isa = PBXFileReference; lastKnownFileType = sourcecode.swift; path = Album.swift; sourceTree = "<group>"; };
		DE6A176D2BA47B93004BC71D /* Playlist.swift */ = {isa = PBXFileReference; lastKnownFileType = sourcecode.swift; path = Playlist.swift; sourceTree = "<group>"; };
		DE6A176F2BA47BA7004BC71D /* Folder.swift */ = {isa = PBXFileReference; lastKnownFileType = sourcecode.swift; path = Folder.swift; sourceTree = "<group>"; };
		DE6A17722BA529B0004BC71D /* FavoriteMusicView.swift */ = {isa = PBXFileReference; lastKnownFileType = sourcecode.swift; path = FavoriteMusicView.swift; sourceTree = "<group>"; };
		DE6A17752BA53ACE004BC71D /* WillPlayMusicView.swift */ = {isa = PBXFileReference; lastKnownFileType = sourcecode.swift; path = WillPlayMusicView.swift; sourceTree = "<group>"; };
		DE6A17772BA53EBA004BC71D /* DidPlayMusicData.swift */ = {isa = PBXFileReference; lastKnownFileType = sourcecode.swift; path = DidPlayMusicData.swift; sourceTree = "<group>"; };
		DE6A17792BA5B48F004BC71D /* AddPlaylistView.swift */ = {isa = PBXFileReference; lastKnownFileType = sourcecode.swift; path = AddPlaylistView.swift; sourceTree = "<group>"; };
		DE6A177B2BA5D8EF004BC71D /* DidPlayMusicView.swift */ = {isa = PBXFileReference; lastKnownFileType = sourcecode.swift; path = DidPlayMusicView.swift; sourceTree = "<group>"; };
		DE7BA5F12B3DA95100FB78DD /* ListMusicView.swift */ = {isa = PBXFileReference; lastKnownFileType = sourcecode.swift; path = ListMusicView.swift; sourceTree = "<group>"; };
		DE9DB2B32B8A32F1007CE8FB /* ArtistMusicView.swift */ = {isa = PBXFileReference; lastKnownFileType = sourcecode.swift; path = ArtistMusicView.swift; sourceTree = "<group>"; };
		DE9DB2B52B8A3622007CE8FB /* AlbumMusicView.swift */ = {isa = PBXFileReference; lastKnownFileType = sourcecode.swift; path = AlbumMusicView.swift; sourceTree = "<group>"; };
		DEAEEC0C2BA84E1F00DE892D /* DidPlayMusicDataService.swift */ = {isa = PBXFileReference; lastKnownFileType = sourcecode.swift; path = DidPlayMusicDataService.swift; sourceTree = "<group>"; };
		DEBC74972B3E570A0012973B /* PlayingMusicView.swift */ = {isa = PBXFileReference; lastKnownFileType = sourcecode.swift; path = PlayingMusicView.swift; sourceTree = "<group>"; };
		DEBC74992B3EA2920012973B /* PlayingView.swift */ = {isa = PBXFileReference; lastKnownFileType = sourcecode.swift; path = PlayingView.swift; sourceTree = "<group>"; };
		DEC04CFA2AE88C9600B4DE76 /* Music_Player.app */ = {isa = PBXFileReference; explicitFileType = wrapper.application; includeInIndex = 0; path = Music_Player.app; sourceTree = BUILT_PRODUCTS_DIR; };
		DEC04CFD2AE88C9600B4DE76 /* Music_PlayerApp.swift */ = {isa = PBXFileReference; lastKnownFileType = sourcecode.swift; path = Music_PlayerApp.swift; sourceTree = "<group>"; };
		DEC04CFF2AE88C9600B4DE76 /* ContentView.swift */ = {isa = PBXFileReference; lastKnownFileType = sourcecode.swift; path = ContentView.swift; sourceTree = "<group>"; };
		DEC04D012AE88C9A00B4DE76 /* Assets.xcassets */ = {isa = PBXFileReference; lastKnownFileType = folder.assetcatalog; path = Assets.xcassets; sourceTree = "<group>"; };
		DEC04D042AE88C9A00B4DE76 /* Preview Assets.xcassets */ = {isa = PBXFileReference; lastKnownFileType = folder.assetcatalog; path = "Preview Assets.xcassets"; sourceTree = "<group>"; };
		DEC4CFF72B984CA4009F5296 /* MusicCellView.swift */ = {isa = PBXFileReference; lastKnownFileType = sourcecode.swift; path = MusicCellView.swift; sourceTree = "<group>"; };
		DEC4CFFA2B98A40A009F5296 /* FolderView.swift */ = {isa = PBXFileReference; lastKnownFileType = sourcecode.swift; path = FolderView.swift; sourceTree = "<group>"; };
		DEC4CFFC2B98A785009F5296 /* FolderMusicView.swift */ = {isa = PBXFileReference; lastKnownFileType = sourcecode.swift; path = FolderMusicView.swift; sourceTree = "<group>"; };
		DEC8CCC32BAA838600FA9D98 /* WillPlayMusicDataService.swift */ = {isa = PBXFileReference; lastKnownFileType = sourcecode.swift; path = WillPlayMusicDataService.swift; sourceTree = "<group>"; };
		DEC8CCC52BAAECF900FA9D98 /* WillPlayMusicData.swift */ = {isa = PBXFileReference; lastKnownFileType = sourcecode.swift; path = WillPlayMusicData.swift; sourceTree = "<group>"; };
		DEC8CCC72BAD4CBB00FA9D98 /* Persistance.swift */ = {isa = PBXFileReference; lastKnownFileType = sourcecode.swift; path = Persistance.swift; sourceTree = "<group>"; };
		DEC8CCC92BADC04800FA9D98 /* FavoriteMusicDataService.swift */ = {isa = PBXFileReference; lastKnownFileType = sourcecode.swift; path = FavoriteMusicDataService.swift; sourceTree = "<group>"; };
		DEC8CCCB2BADCC4A00FA9D98 /* PlaylistDataService.swift */ = {isa = PBXFileReference; lastKnownFileType = sourcecode.swift; path = PlaylistDataService.swift; sourceTree = "<group>"; };
		DED9FD622B7243770008B127 /* MusicDataStoreViewModel.swift */ = {isa = PBXFileReference; lastKnownFileType = sourcecode.swift; path = MusicDataStoreViewModel.swift; sourceTree = "<group>"; };
		DED9FD682B7730860008B127 /* PlaylistData.swift */ = {isa = PBXFileReference; lastKnownFileType = sourcecode.swift; path = PlaylistData.swift; sourceTree = "<group>"; };
		DED9FD6E2B8012FD0008B127 /* Music.swift */ = {isa = PBXFileReference; lastKnownFileType = sourcecode.swift; path = Music.swift; sourceTree = "<group>"; };
		DED9FD702B80A7E30008B127 /* MusicDataStore.swift */ = {isa = PBXFileReference; lastKnownFileType = sourcecode.swift; path = MusicDataStore.swift; sourceTree = "<group>"; };
		DED9FD762B80DE860008B127 /* PlayController.swift */ = {isa = PBXFileReference; lastKnownFileType = sourcecode.swift; path = PlayController.swift; sourceTree = "<group>"; };
		DED9FD782B80DF7F0008B127 /* PlayControllerViewModel.swift */ = {isa = PBXFileReference; lastKnownFileType = sourcecode.swift; path = PlayControllerViewModel.swift; sourceTree = "<group>"; };
		DED9FD7C2B8229570008B127 /* PlaylistMusicView.swift */ = {isa = PBXFileReference; lastKnownFileType = sourcecode.swift; path = PlaylistMusicView.swift; sourceTree = "<group>"; };
		DED9FD802B82360B0008B127 /* SelectMusicView.swift */ = {isa = PBXFileReference; lastKnownFileType = sourcecode.swift; path = SelectMusicView.swift; sourceTree = "<group>"; };
		DEE5AC4E2AE8A1280082069C /* MusicView.swift */ = {isa = PBXFileReference; lastKnownFileType = sourcecode.swift; path = MusicView.swift; sourceTree = "<group>"; };
		DEE5AC502AE8A1A50082069C /* ArtistView.swift */ = {isa = PBXFileReference; lastKnownFileType = sourcecode.swift; path = ArtistView.swift; sourceTree = "<group>"; };
		DEE5AC522AE8A1B30082069C /* AlbumView.swift */ = {isa = PBXFileReference; lastKnownFileType = sourcecode.swift; path = AlbumView.swift; sourceTree = "<group>"; };
		DEE5AC542AE8ABE50082069C /* PlaylistView.swift */ = {isa = PBXFileReference; lastKnownFileType = sourcecode.swift; path = PlaylistView.swift; sourceTree = "<group>"; };
/* End PBXFileReference section */

/* Begin PBXFrameworksBuildPhase section */
		DEC04CF72AE88C9600B4DE76 /* Frameworks */ = {
			isa = PBXFrameworksBuildPhase;
			buildActionMask = 2147483647;
			files = (
			);
			runOnlyForDeploymentPostprocessing = 0;
		};
/* End PBXFrameworksBuildPhase section */

/* Begin PBXGroup section */
		DE6A17682BA47B20004BC71D /* VariableTypes */ = {
			isa = PBXGroup;
			children = (
				DED9FD6E2B8012FD0008B127 /* Music.swift */,
				DE6A17692BA47B6C004BC71D /* Artist.swift */,
				DE6A176B2BA47B7A004BC71D /* Album.swift */,
				DE6A176D2BA47B93004BC71D /* Playlist.swift */,
				DE6A176F2BA47BA7004BC71D /* Folder.swift */,
			);
			path = VariableTypes;
			sourceTree = "<group>";
		};
		DE6A17712BA498CA004BC71D /* Playing */ = {
			isa = PBXGroup;
			children = (
				DEBC74992B3EA2920012973B /* PlayingView.swift */,
				DE6A17752BA53ACE004BC71D /* WillPlayMusicView.swift */,
			);
			path = Playing;
			sourceTree = "<group>";
		};
		DE6A17742BA53AA9004BC71D /* NavigationView */ = {
			isa = PBXGroup;
			children = (
				DE62458B2B849BEB003E856D /* MusicInfoView.swift */,
				DE6A17792BA5B48F004BC71D /* AddPlaylistView.swift */,
			);
			path = NavigationView;
			sourceTree = "<group>";
		};
		DE9DB2AF2B8A27FE007CE8FB /* Artist */ = {
			isa = PBXGroup;
			children = (
				DEE5AC502AE8A1A50082069C /* ArtistView.swift */,
				DE9DB2B32B8A32F1007CE8FB /* ArtistMusicView.swift */,
			);
			path = Artist;
			sourceTree = "<group>";
		};
		DE9DB2B02B8A2810007CE8FB /* Album */ = {
			isa = PBXGroup;
			children = (
				DEE5AC522AE8A1B30082069C /* AlbumView.swift */,
				DE9DB2B52B8A3622007CE8FB /* AlbumMusicView.swift */,
			);
			path = Album;
			sourceTree = "<group>";
		};
		DE9DB2B12B8A2823007CE8FB /* Playlist */ = {
			isa = PBXGroup;
			children = (
				DEE5AC542AE8ABE50082069C /* PlaylistView.swift */,
				DED9FD7C2B8229570008B127 /* PlaylistMusicView.swift */,
				DED9FD802B82360B0008B127 /* SelectMusicView.swift */,
			);
			path = Playlist;
			sourceTree = "<group>";
		};
		DE9DB2B22B8A2846007CE8FB /* Music */ = {
			isa = PBXGroup;
			children = (
				DEE5AC4E2AE8A1280082069C /* MusicView.swift */,
				DE6A17722BA529B0004BC71D /* FavoriteMusicView.swift */,
				DE6A177B2BA5D8EF004BC71D /* DidPlayMusicView.swift */,
			);
			path = Music;
			sourceTree = "<group>";
		};
		DEC04CF12AE88C9600B4DE76 = {
			isa = PBXGroup;
			children = (
				DEC04CFC2AE88C9600B4DE76 /* Music_Player */,
				DEC04CFB2AE88C9600B4DE76 /* Products */,
			);
			sourceTree = "<group>";
		};
		DEC04CFB2AE88C9600B4DE76 /* Products */ = {
			isa = PBXGroup;
			children = (
				DEC04CFA2AE88C9600B4DE76 /* Music_Player.app */,
			);
			name = Products;
			sourceTree = "<group>";
		};
		DEC04CFC2AE88C9600B4DE76 /* Music_Player */ = {
			isa = PBXGroup;
			children = (
				DE49825B2B6E5ED20005A407 /* Music-Player-Info.plist */,
				DEC04CFD2AE88C9600B4DE76 /* Music_PlayerApp.swift */,
				DEC04CFF2AE88C9600B4DE76 /* ContentView.swift */,
				DED9FD672B7730700008B127 /* SwiftData */,
				DE6A17682BA47B20004BC71D /* VariableTypes */,
				DED9FD662B74D49D0008B127 /* Model */,
				DED9FD642B74D4780008B127 /* View */,
				DED9FD652B74D4880008B127 /* ViewModel */,
				DEC04D012AE88C9A00B4DE76 /* Assets.xcassets */,
				DEC04D032AE88C9A00B4DE76 /* Preview Content */,
			);
			path = Music_Player;
			sourceTree = "<group>";
		};
		DEC04D032AE88C9A00B4DE76 /* Preview Content */ = {
			isa = PBXGroup;
			children = (
				DEC04D042AE88C9A00B4DE76 /* Preview Assets.xcassets */,
			);
			path = "Preview Content";
			sourceTree = "<group>";
		};
		DEC4CFF62B9848C2009F5296 /* ViewParts */ = {
			isa = PBXGroup;
			children = (
				DEBC74972B3E570A0012973B /* PlayingMusicView.swift */,
				DEC4CFF72B984CA4009F5296 /* MusicCellView.swift */,
			);
			path = ViewParts;
			sourceTree = "<group>";
		};
		DEC4CFF92B98A3F0009F5296 /* Folder */ = {
			isa = PBXGroup;
			children = (
				DEC4CFFA2B98A40A009F5296 /* FolderView.swift */,
				DEC4CFFC2B98A785009F5296 /* FolderMusicView.swift */,
			);
			path = Folder;
			sourceTree = "<group>";
		};
		DED9FD642B74D4780008B127 /* View */ = {
			isa = PBXGroup;
			children = (
				DE9DB2B22B8A2846007CE8FB /* Music */,
				DE9DB2AF2B8A27FE007CE8FB /* Artist */,
				DE9DB2B02B8A2810007CE8FB /* Album */,
				DE9DB2B12B8A2823007CE8FB /* Playlist */,
				DEC4CFF92B98A3F0009F5296 /* Folder */,
				DEC4CFF62B9848C2009F5296 /* ViewParts */,
				DE6A17712BA498CA004BC71D /* Playing */,
				DE6A17742BA53AA9004BC71D /* NavigationView */,
				DE7BA5F12B3DA95100FB78DD /* ListMusicView.swift */,
			);
			path = View;
			sourceTree = "<group>";
		};
		DED9FD652B74D4880008B127 /* ViewModel */ = {
			isa = PBXGroup;
			children = (
				DED9FD622B7243770008B127 /* MusicDataStoreViewModel.swift */,
				DED9FD782B80DF7F0008B127 /* PlayControllerViewModel.swift */,
			);
			path = ViewModel;
			sourceTree = "<group>";
		};
		DED9FD662B74D49D0008B127 /* Model */ = {
			isa = PBXGroup;
			children = (
				DE49827A2B70D3E60005A407 /* FileService.swift */,
				DEC8CCCB2BADCC4A00FA9D98 /* PlaylistDataService.swift */,
				DEC8CCC92BADC04800FA9D98 /* FavoriteMusicDataService.swift */,
				DEC8CCC32BAA838600FA9D98 /* WillPlayMusicDataService.swift */,
				DEAEEC0C2BA84E1F00DE892D /* DidPlayMusicDataService.swift */,
				DED9FD702B80A7E30008B127 /* MusicDataStore.swift */,
				DED9FD762B80DE860008B127 /* PlayController.swift */,
			);
			path = Model;
			sourceTree = "<group>";
		};
		DED9FD672B7730700008B127 /* SwiftData */ = {
			isa = PBXGroup;
			children = (
				DED9FD682B7730860008B127 /* PlaylistData.swift */,
				DE6A17662BA1EECE004BC71D /* FavoriteMusicData.swift */,
				DEC8CCC52BAAECF900FA9D98 /* WillPlayMusicData.swift */,
				DE6A17772BA53EBA004BC71D /* DidPlayMusicData.swift */,
				DEC8CCC72BAD4CBB00FA9D98 /* Persistance.swift */,
			);
			path = SwiftData;
			sourceTree = "<group>";
		};
/* End PBXGroup section */

/* Begin PBXNativeTarget section */
		DEC04CF92AE88C9600B4DE76 /* Music_Player */ = {
			isa = PBXNativeTarget;
			buildConfigurationList = DEC04D082AE88C9A00B4DE76 /* Build configuration list for PBXNativeTarget "Music_Player" */;
			buildPhases = (
				DEC04CF62AE88C9600B4DE76 /* Sources */,
				DEC04CF72AE88C9600B4DE76 /* Frameworks */,
				DEC04CF82AE88C9600B4DE76 /* Resources */,
			);
			buildRules = (
			);
			dependencies = (
			);
			name = Music_Player;
			productName = Music_Player;
			productReference = DEC04CFA2AE88C9600B4DE76 /* Music_Player.app */;
			productType = "com.apple.product-type.application";
		};
/* End PBXNativeTarget section */

/* Begin PBXProject section */
		DEC04CF22AE88C9600B4DE76 /* Project object */ = {
			isa = PBXProject;
			attributes = {
				BuildIndependentTargetsInParallel = 1;
				LastSwiftUpdateCheck = 1500;
				LastUpgradeCheck = 1500;
				TargetAttributes = {
					DEC04CF92AE88C9600B4DE76 = {
						CreatedOnToolsVersion = 15.0;
					};
				};
			};
			buildConfigurationList = DEC04CF52AE88C9600B4DE76 /* Build configuration list for PBXProject "Music_Player" */;
			compatibilityVersion = "Xcode 14.0";
			developmentRegion = en;
			hasScannedForEncodings = 0;
			knownRegions = (
				en,
				Base,
			);
			mainGroup = DEC04CF12AE88C9600B4DE76;
			productRefGroup = DEC04CFB2AE88C9600B4DE76 /* Products */;
			projectDirPath = "";
			projectRoot = "";
			targets = (
				DEC04CF92AE88C9600B4DE76 /* Music_Player */,
			);
		};
/* End PBXProject section */

/* Begin PBXResourcesBuildPhase section */
		DEC04CF82AE88C9600B4DE76 /* Resources */ = {
			isa = PBXResourcesBuildPhase;
			buildActionMask = 2147483647;
			files = (
				DEC04D052AE88C9A00B4DE76 /* Preview Assets.xcassets in Resources */,
				DEC04D022AE88C9A00B4DE76 /* Assets.xcassets in Resources */,
			);
			runOnlyForDeploymentPostprocessing = 0;
		};
/* End PBXResourcesBuildPhase section */

/* Begin PBXSourcesBuildPhase section */
		DEC04CF62AE88C9600B4DE76 /* Sources */ = {
			isa = PBXSourcesBuildPhase;
			buildActionMask = 2147483647;
			files = (
				DEC04D002AE88C9600B4DE76 /* ContentView.swift in Sources */,
				DED9FD6F2B8012FD0008B127 /* Music.swift in Sources */,
				DED9FD692B7730860008B127 /* PlaylistData.swift in Sources */,
				DE6A177A2BA5B48F004BC71D /* AddPlaylistView.swift in Sources */,
				DE9DB2B42B8A32F1007CE8FB /* ArtistMusicView.swift in Sources */,
				DEC8CCC42BAA838600FA9D98 /* WillPlayMusicDataService.swift in Sources */,
				DED9FD712B80A7E30008B127 /* MusicDataStore.swift in Sources */,
				DE6A17702BA47BA7004BC71D /* Folder.swift in Sources */,
				DE6A176E2BA47B93004BC71D /* Playlist.swift in Sources */,
				DEC04CFE2AE88C9600B4DE76 /* Music_PlayerApp.swift in Sources */,
				DE6A17672BA1EECE004BC71D /* FavoriteMusicData.swift in Sources */,
				DED9FD7D2B8229570008B127 /* PlaylistMusicView.swift in Sources */,
				DE6A17782BA53EBA004BC71D /* DidPlayMusicData.swift in Sources */,
				DEE5AC512AE8A1A50082069C /* ArtistView.swift in Sources */,
				DEBC749A2B3EA2920012973B /* PlayingView.swift in Sources */,
				DEE5AC552AE8ABE50082069C /* PlaylistView.swift in Sources */,
				DEC8CCC62BAAECF900FA9D98 /* WillPlayMusicData.swift in Sources */,
				DE9DB2B62B8A3622007CE8FB /* AlbumMusicView.swift in Sources */,
				DEBC74982B3E570A0012973B /* PlayingMusicView.swift in Sources */,
				DE62458C2B849BEB003E856D /* MusicInfoView.swift in Sources */,
				DE49827B2B70D3E60005A407 /* FileService.swift in Sources */,
				DEC4CFF82B984CA4009F5296 /* MusicCellView.swift in Sources */,
				DEE5AC4F2AE8A1280082069C /* MusicView.swift in Sources */,
				DEC4CFFD2B98A785009F5296 /* FolderMusicView.swift in Sources */,
				DEC4CFFB2B98A40A009F5296 /* FolderView.swift in Sources */,
				DEC8CCCC2BADCC4A00FA9D98 /* PlaylistDataService.swift in Sources */,
				DEE5AC532AE8A1B30082069C /* AlbumView.swift in Sources */,
				DED9FD632B7243770008B127 /* MusicDataStoreViewModel.swift in Sources */,
				DE6A17762BA53ACE004BC71D /* WillPlayMusicView.swift in Sources */,
				DE7BA5F22B3DA95100FB78DD /* ListMusicView.swift in Sources */,
				DE6A17732BA529B0004BC71D /* FavoriteMusicView.swift in Sources */,
				DEAEEC0D2BA84E1F00DE892D /* DidPlayMusicDataService.swift in Sources */,
				DE6A177C2BA5D8EF004BC71D /* DidPlayMusicView.swift in Sources */,
				DE6A176A2BA47B6C004BC71D /* Artist.swift in Sources */,
				DEC8CCCA2BADC04800FA9D98 /* FavoriteMusicDataService.swift in Sources */,
				DE6A176C2BA47B7A004BC71D /* Album.swift in Sources */,
				DED9FD792B80DF7F0008B127 /* PlayControllerViewModel.swift in Sources */,
				DEC8CCC82BAD4CBB00FA9D98 /* Persistance.swift in Sources */,
				DED9FD812B82360B0008B127 /* SelectMusicView.swift in Sources */,
				DED9FD772B80DE860008B127 /* PlayController.swift in Sources */,
			);
			runOnlyForDeploymentPostprocessing = 0;
		};
/* End PBXSourcesBuildPhase section */

/* Begin XCBuildConfiguration section */
		DEC04D062AE88C9A00B4DE76 /* Debug */ = {
			isa = XCBuildConfiguration;
			buildSettings = {
				ALWAYS_SEARCH_USER_PATHS = NO;
				ASSETCATALOG_COMPILER_GENERATE_SWIFT_ASSET_SYMBOL_EXTENSIONS = YES;
				CLANG_ANALYZER_NONNULL = YES;
				CLANG_ANALYZER_NUMBER_OBJECT_CONVERSION = YES_AGGRESSIVE;
				CLANG_CXX_LANGUAGE_STANDARD = "gnu++20";
				CLANG_ENABLE_MODULES = YES;
				CLANG_ENABLE_OBJC_ARC = YES;
				CLANG_ENABLE_OBJC_WEAK = YES;
				CLANG_WARN_BLOCK_CAPTURE_AUTORELEASING = YES;
				CLANG_WARN_BOOL_CONVERSION = YES;
				CLANG_WARN_COMMA = YES;
				CLANG_WARN_CONSTANT_CONVERSION = YES;
				CLANG_WARN_DEPRECATED_OBJC_IMPLEMENTATIONS = YES;
				CLANG_WARN_DIRECT_OBJC_ISA_USAGE = YES_ERROR;
				CLANG_WARN_DOCUMENTATION_COMMENTS = YES;
				CLANG_WARN_EMPTY_BODY = YES;
				CLANG_WARN_ENUM_CONVERSION = YES;
				CLANG_WARN_INFINITE_RECURSION = YES;
				CLANG_WARN_INT_CONVERSION = YES;
				CLANG_WARN_NON_LITERAL_NULL_CONVERSION = YES;
				CLANG_WARN_OBJC_IMPLICIT_RETAIN_SELF = YES;
				CLANG_WARN_OBJC_LITERAL_CONVERSION = YES;
				CLANG_WARN_OBJC_ROOT_CLASS = YES_ERROR;
				CLANG_WARN_QUOTED_INCLUDE_IN_FRAMEWORK_HEADER = YES;
				CLANG_WARN_RANGE_LOOP_ANALYSIS = YES;
				CLANG_WARN_STRICT_PROTOTYPES = YES;
				CLANG_WARN_SUSPICIOUS_MOVE = YES;
				CLANG_WARN_UNGUARDED_AVAILABILITY = YES_AGGRESSIVE;
				CLANG_WARN_UNREACHABLE_CODE = YES;
				CLANG_WARN__DUPLICATE_METHOD_MATCH = YES;
				COPY_PHASE_STRIP = NO;
				DEBUG_INFORMATION_FORMAT = dwarf;
				ENABLE_STRICT_OBJC_MSGSEND = YES;
				ENABLE_TESTABILITY = YES;
				ENABLE_USER_SCRIPT_SANDBOXING = YES;
				GCC_C_LANGUAGE_STANDARD = gnu17;
				GCC_DYNAMIC_NO_PIC = NO;
				GCC_NO_COMMON_BLOCKS = YES;
				GCC_OPTIMIZATION_LEVEL = 0;
				GCC_PREPROCESSOR_DEFINITIONS = (
					"DEBUG=1",
					"$(inherited)",
				);
				GCC_WARN_64_TO_32_BIT_CONVERSION = YES;
				GCC_WARN_ABOUT_RETURN_TYPE = YES_ERROR;
				GCC_WARN_UNDECLARED_SELECTOR = YES;
				GCC_WARN_UNINITIALIZED_AUTOS = YES_AGGRESSIVE;
				GCC_WARN_UNUSED_FUNCTION = YES;
				GCC_WARN_UNUSED_VARIABLE = YES;
				IPHONEOS_DEPLOYMENT_TARGET = 17.0;
				LOCALIZATION_PREFERS_STRING_CATALOGS = YES;
				MTL_ENABLE_DEBUG_INFO = INCLUDE_SOURCE;
				MTL_FAST_MATH = YES;
				ONLY_ACTIVE_ARCH = YES;
				SDKROOT = iphoneos;
				SWIFT_ACTIVE_COMPILATION_CONDITIONS = "DEBUG $(inherited)";
				SWIFT_OPTIMIZATION_LEVEL = "-Onone";
			};
			name = Debug;
		};
		DEC04D072AE88C9A00B4DE76 /* Release */ = {
			isa = XCBuildConfiguration;
			buildSettings = {
				ALWAYS_SEARCH_USER_PATHS = NO;
				ASSETCATALOG_COMPILER_GENERATE_SWIFT_ASSET_SYMBOL_EXTENSIONS = YES;
				CLANG_ANALYZER_NONNULL = YES;
				CLANG_ANALYZER_NUMBER_OBJECT_CONVERSION = YES_AGGRESSIVE;
				CLANG_CXX_LANGUAGE_STANDARD = "gnu++20";
				CLANG_ENABLE_MODULES = YES;
				CLANG_ENABLE_OBJC_ARC = YES;
				CLANG_ENABLE_OBJC_WEAK = YES;
				CLANG_WARN_BLOCK_CAPTURE_AUTORELEASING = YES;
				CLANG_WARN_BOOL_CONVERSION = YES;
				CLANG_WARN_COMMA = YES;
				CLANG_WARN_CONSTANT_CONVERSION = YES;
				CLANG_WARN_DEPRECATED_OBJC_IMPLEMENTATIONS = YES;
				CLANG_WARN_DIRECT_OBJC_ISA_USAGE = YES_ERROR;
				CLANG_WARN_DOCUMENTATION_COMMENTS = YES;
				CLANG_WARN_EMPTY_BODY = YES;
				CLANG_WARN_ENUM_CONVERSION = YES;
				CLANG_WARN_INFINITE_RECURSION = YES;
				CLANG_WARN_INT_CONVERSION = YES;
				CLANG_WARN_NON_LITERAL_NULL_CONVERSION = YES;
				CLANG_WARN_OBJC_IMPLICIT_RETAIN_SELF = YES;
				CLANG_WARN_OBJC_LITERAL_CONVERSION = YES;
				CLANG_WARN_OBJC_ROOT_CLASS = YES_ERROR;
				CLANG_WARN_QUOTED_INCLUDE_IN_FRAMEWORK_HEADER = YES;
				CLANG_WARN_RANGE_LOOP_ANALYSIS = YES;
				CLANG_WARN_STRICT_PROTOTYPES = YES;
				CLANG_WARN_SUSPICIOUS_MOVE = YES;
				CLANG_WARN_UNGUARDED_AVAILABILITY = YES_AGGRESSIVE;
				CLANG_WARN_UNREACHABLE_CODE = YES;
				CLANG_WARN__DUPLICATE_METHOD_MATCH = YES;
				COPY_PHASE_STRIP = NO;
				DEBUG_INFORMATION_FORMAT = "dwarf-with-dsym";
				ENABLE_NS_ASSERTIONS = NO;
				ENABLE_STRICT_OBJC_MSGSEND = YES;
				ENABLE_USER_SCRIPT_SANDBOXING = YES;
				GCC_C_LANGUAGE_STANDARD = gnu17;
				GCC_NO_COMMON_BLOCKS = YES;
				GCC_WARN_64_TO_32_BIT_CONVERSION = YES;
				GCC_WARN_ABOUT_RETURN_TYPE = YES_ERROR;
				GCC_WARN_UNDECLARED_SELECTOR = YES;
				GCC_WARN_UNINITIALIZED_AUTOS = YES_AGGRESSIVE;
				GCC_WARN_UNUSED_FUNCTION = YES;
				GCC_WARN_UNUSED_VARIABLE = YES;
				IPHONEOS_DEPLOYMENT_TARGET = 17.0;
				LOCALIZATION_PREFERS_STRING_CATALOGS = YES;
				MTL_ENABLE_DEBUG_INFO = NO;
				MTL_FAST_MATH = YES;
				SDKROOT = iphoneos;
				SWIFT_COMPILATION_MODE = wholemodule;
				VALIDATE_PRODUCT = YES;
			};
			name = Release;
		};
		DEC04D092AE88C9A00B4DE76 /* Debug */ = {
			isa = XCBuildConfiguration;
			buildSettings = {
				ASSETCATALOG_COMPILER_APPICON_NAME = AppIcon;
				ASSETCATALOG_COMPILER_GLOBAL_ACCENT_COLOR_NAME = AccentColor;
				CODE_SIGN_STYLE = Automatic;
				CURRENT_PROJECT_VERSION = 1;
				DEVELOPMENT_ASSET_PATHS = "\"Music_Player/Preview Content\"";
				DEVELOPMENT_TEAM = 85MXHZWC2N;
				ENABLE_PREVIEWS = YES;
				GENERATE_INFOPLIST_FILE = YES;
				INFOPLIST_FILE = "Music-Player-Info.plist";
				INFOPLIST_KEY_LSSupportsOpeningDocumentsInPlace = YES;
				INFOPLIST_KEY_UIApplicationSceneManifest_Generation = YES;
				INFOPLIST_KEY_UIApplicationSupportsIndirectInputEvents = YES;
				INFOPLIST_KEY_UILaunchScreen_Generation = YES;
				INFOPLIST_KEY_UISupportedInterfaceOrientations_iPad = "UIInterfaceOrientationPortrait UIInterfaceOrientationPortraitUpsideDown UIInterfaceOrientationLandscapeLeft UIInterfaceOrientationLandscapeRight";
				INFOPLIST_KEY_UISupportedInterfaceOrientations_iPhone = "UIInterfaceOrientationPortrait UIInterfaceOrientationLandscapeLeft UIInterfaceOrientationLandscapeRight";
				IPHONEOS_DEPLOYMENT_TARGET = 17.0;
				LD_RUNPATH_SEARCH_PATHS = (
					"$(inherited)",
					"@executable_path/Frameworks",
				);
				MARKETING_VERSION = 1.0;
				PRODUCT_BUNDLE_IDENTIFIER = "com.litech.Music-Player";
				PRODUCT_NAME = "$(TARGET_NAME)";
				SWIFT_EMIT_LOC_STRINGS = YES;
				SWIFT_VERSION = 5.0;
				TARGETED_DEVICE_FAMILY = "1,2";
			};
			name = Debug;
		};
		DEC04D0A2AE88C9A00B4DE76 /* Release */ = {
			isa = XCBuildConfiguration;
			buildSettings = {
				ASSETCATALOG_COMPILER_APPICON_NAME = AppIcon;
				ASSETCATALOG_COMPILER_GLOBAL_ACCENT_COLOR_NAME = AccentColor;
				CODE_SIGN_STYLE = Automatic;
				CURRENT_PROJECT_VERSION = 1;
				DEVELOPMENT_ASSET_PATHS = "\"Music_Player/Preview Content\"";
				DEVELOPMENT_TEAM = 85MXHZWC2N;
				ENABLE_PREVIEWS = YES;
				GENERATE_INFOPLIST_FILE = YES;
				INFOPLIST_FILE = "Music-Player-Info.plist";
				INFOPLIST_KEY_LSSupportsOpeningDocumentsInPlace = YES;
				INFOPLIST_KEY_UIApplicationSceneManifest_Generation = YES;
				INFOPLIST_KEY_UIApplicationSupportsIndirectInputEvents = YES;
				INFOPLIST_KEY_UILaunchScreen_Generation = YES;
				INFOPLIST_KEY_UISupportedInterfaceOrientations_iPad = "UIInterfaceOrientationPortrait UIInterfaceOrientationPortraitUpsideDown UIInterfaceOrientationLandscapeLeft UIInterfaceOrientationLandscapeRight";
				INFOPLIST_KEY_UISupportedInterfaceOrientations_iPhone = "UIInterfaceOrientationPortrait UIInterfaceOrientationLandscapeLeft UIInterfaceOrientationLandscapeRight";
				IPHONEOS_DEPLOYMENT_TARGET = 17.0;
				LD_RUNPATH_SEARCH_PATHS = (
					"$(inherited)",
					"@executable_path/Frameworks",
				);
				MARKETING_VERSION = 1.0;
				PRODUCT_BUNDLE_IDENTIFIER = "com.litech.Music-Player";
				PRODUCT_NAME = "$(TARGET_NAME)";
				SWIFT_EMIT_LOC_STRINGS = YES;
				SWIFT_VERSION = 5.0;
				TARGETED_DEVICE_FAMILY = "1,2";
			};
			name = Release;
		};
/* End XCBuildConfiguration section */

/* Begin XCConfigurationList section */
		DEC04CF52AE88C9600B4DE76 /* Build configuration list for PBXProject "Music_Player" */ = {
			isa = XCConfigurationList;
			buildConfigurations = (
				DEC04D062AE88C9A00B4DE76 /* Debug */,
				DEC04D072AE88C9A00B4DE76 /* Release */,
			);
			defaultConfigurationIsVisible = 0;
			defaultConfigurationName = Release;
		};
		DEC04D082AE88C9A00B4DE76 /* Build configuration list for PBXNativeTarget "Music_Player" */ = {
			isa = XCConfigurationList;
			buildConfigurations = (
				DEC04D092AE88C9A00B4DE76 /* Debug */,
				DEC04D0A2AE88C9A00B4DE76 /* Release */,
			);
			defaultConfigurationIsVisible = 0;
			defaultConfigurationName = Release;
		};
/* End XCConfigurationList section */
	};
	rootObject = DEC04CF22AE88C9600B4DE76 /* Project object */;
}
